// !$*UTF8*$!
{
	archiveVersion = 1;
	classes = {
	};
	objectVersion = 50;
	objects = {

/* Begin PBXBuildFile section */
		1CCFA734220E2F580034F4F7 /* AppDelegate.swift in Sources */ = {isa = PBXBuildFile; fileRef = 1CCFA733220E2F580034F4F7 /* AppDelegate.swift */; };
		1CCFA739220E2F580034F4F7 /* Main.storyboard in Resources */ = {isa = PBXBuildFile; fileRef = 1CCFA737220E2F580034F4F7 /* Main.storyboard */; };
		1CCFA73B220E2F590034F4F7 /* Assets.xcassets in Resources */ = {isa = PBXBuildFile; fileRef = 1CCFA73A220E2F590034F4F7 /* Assets.xcassets */; };
		1CCFA73E220E2F590034F4F7 /* LaunchScreen.storyboard in Resources */ = {isa = PBXBuildFile; fileRef = 1CCFA73C220E2F590034F4F7 /* LaunchScreen.storyboard */; };
		1CCFA749220E2F5A0034F4F7 /* FlixTests.swift in Sources */ = {isa = PBXBuildFile; fileRef = 1CCFA748220E2F5A0034F4F7 /* FlixTests.swift */; };
		1CCFA754220E2F5A0034F4F7 /* FlixUITests.swift in Sources */ = {isa = PBXBuildFile; fileRef = 1CCFA753220E2F5A0034F4F7 /* FlixUITests.swift */; };
		1CCFA764220E31B10034F4F7 /* MoviesViewController.swift in Sources */ = {isa = PBXBuildFile; fileRef = 1CCFA763220E31B10034F4F7 /* MoviesViewController.swift */; };
		1CCFA766220E40130034F4F7 /* MovieCell.swift in Sources */ = {isa = PBXBuildFile; fileRef = 1CCFA765220E40130034F4F7 /* MovieCell.swift */; };
		410B48111400479F0054261B /* Pods_FlixUITests.framework in Frameworks */ = {isa = PBXBuildFile; fileRef = 7BD7328EA26E23F986705D34 /* Pods_FlixUITests.framework */; };
		9F95ECFEA19E1DB8536E73F6 /* Pods_Flix.framework in Frameworks */ = {isa = PBXBuildFile; fileRef = 23E1AD5BB61B67315F5E03F6 /* Pods_Flix.framework */; };
		D95AC4E8D24FB2AF230D3C3A /* Pods_FlixTests.framework in Frameworks */ = {isa = PBXBuildFile; fileRef = 80F1E1DC104E7F459A401939 /* Pods_FlixTests.framework */; };
/* End PBXBuildFile section */

/* Begin PBXContainerItemProxy section */
		1CCFA745220E2F5A0034F4F7 /* PBXContainerItemProxy */ = {
			isa = PBXContainerItemProxy;
			containerPortal = 1CCFA728220E2F580034F4F7 /* Project object */;
			proxyType = 1;
			remoteGlobalIDString = 1CCFA72F220E2F580034F4F7;
			remoteInfo = Flix;
		};
		1CCFA750220E2F5A0034F4F7 /* PBXContainerItemProxy */ = {
			isa = PBXContainerItemProxy;
			containerPortal = 1CCFA728220E2F580034F4F7 /* Project object */;
			proxyType = 1;
			remoteGlobalIDString = 1CCFA72F220E2F580034F4F7;
			remoteInfo = Flix;
		};
/* End PBXContainerItemProxy section */

/* Begin PBXFileReference section */
		1CCFA730220E2F580034F4F7 /* Flix.app */ = {isa = PBXFileReference; explicitFileType = wrapper.application; includeInIndex = 0; path = Flix.app; sourceTree = BUILT_PRODUCTS_DIR; };
		1CCFA733220E2F580034F4F7 /* AppDelegate.swift */ = {isa = PBXFileReference; lastKnownFileType = sourcecode.swift; path = AppDelegate.swift; sourceTree = "<group>"; };
		1CCFA738220E2F580034F4F7 /* Base */ = {isa = PBXFileReference; lastKnownFileType = file.storyboard; name = Base; path = Base.lproj/Main.storyboard; sourceTree = "<group>"; };
		1CCFA73A220E2F590034F4F7 /* Assets.xcassets */ = {isa = PBXFileReference; lastKnownFileType = folder.assetcatalog; path = Assets.xcassets; sourceTree = "<group>"; };
		1CCFA73D220E2F590034F4F7 /* Base */ = {isa = PBXFileReference; lastKnownFileType = file.storyboard; name = Base; path = Base.lproj/LaunchScreen.storyboard; sourceTree = "<group>"; };
		1CCFA73F220E2F590034F4F7 /* Info.plist */ = {isa = PBXFileReference; lastKnownFileType = text.plist.xml; path = Info.plist; sourceTree = "<group>"; };
		1CCFA744220E2F5A0034F4F7 /* FlixTests.xctest */ = {isa = PBXFileReference; explicitFileType = wrapper.cfbundle; includeInIndex = 0; path = FlixTests.xctest; sourceTree = BUILT_PRODUCTS_DIR; };
		1CCFA748220E2F5A0034F4F7 /* FlixTests.swift */ = {isa = PBXFileReference; lastKnownFileType = sourcecode.swift; path = FlixTests.swift; sourceTree = "<group>"; };
		1CCFA74A220E2F5A0034F4F7 /* Info.plist */ = {isa = PBXFileReference; lastKnownFileType = text.plist.xml; path = Info.plist; sourceTree = "<group>"; };
		1CCFA74F220E2F5A0034F4F7 /* FlixUITests.xctest */ = {isa = PBXFileReference; explicitFileType = wrapper.cfbundle; includeInIndex = 0; path = FlixUITests.xctest; sourceTree = BUILT_PRODUCTS_DIR; };
		1CCFA753220E2F5A0034F4F7 /* FlixUITests.swift */ = {isa = PBXFileReference; lastKnownFileType = sourcecode.swift; path = FlixUITests.swift; sourceTree = "<group>"; };
		1CCFA755220E2F5A0034F4F7 /* Info.plist */ = {isa = PBXFileReference; lastKnownFileType = text.plist.xml; path = Info.plist; sourceTree = "<group>"; };
		1CCFA763220E31B10034F4F7 /* MoviesViewController.swift */ = {isa = PBXFileReference; lastKnownFileType = sourcecode.swift; path = MoviesViewController.swift; sourceTree = "<group>"; };
		1CCFA765220E40130034F4F7 /* MovieCell.swift */ = {isa = PBXFileReference; lastKnownFileType = sourcecode.swift; path = MovieCell.swift; sourceTree = "<group>"; };
		22360AD5EB281B6C4B6E1B34 /* Pods-Flix.release.xcconfig */ = {isa = PBXFileReference; includeInIndex = 1; lastKnownFileType = text.xcconfig; name = "Pods-Flix.release.xcconfig"; path = "Target Support Files/Pods-Flix/Pods-Flix.release.xcconfig"; sourceTree = "<group>"; };
		23E1AD5BB61B67315F5E03F6 /* Pods_Flix.framework */ = {isa = PBXFileReference; explicitFileType = wrapper.framework; includeInIndex = 0; path = Pods_Flix.framework; sourceTree = BUILT_PRODUCTS_DIR; };
		6F74A17A74267FA923712779 /* Pods-FlixTests.release.xcconfig */ = {isa = PBXFileReference; includeInIndex = 1; lastKnownFileType = text.xcconfig; name = "Pods-FlixTests.release.xcconfig"; path = "Target Support Files/Pods-FlixTests/Pods-FlixTests.release.xcconfig"; sourceTree = "<group>"; };
		7BD7328EA26E23F986705D34 /* Pods_FlixUITests.framework */ = {isa = PBXFileReference; explicitFileType = wrapper.framework; includeInIndex = 0; path = Pods_FlixUITests.framework; sourceTree = BUILT_PRODUCTS_DIR; };
		80F1E1DC104E7F459A401939 /* Pods_FlixTests.framework */ = {isa = PBXFileReference; explicitFileType = wrapper.framework; includeInIndex = 0; path = Pods_FlixTests.framework; sourceTree = BUILT_PRODUCTS_DIR; };
		861C968A992551F6BDEC5D05 /* Pods-FlixUITests.debug.xcconfig */ = {isa = PBXFileReference; includeInIndex = 1; lastKnownFileType = text.xcconfig; name = "Pods-FlixUITests.debug.xcconfig"; path = "Target Support Files/Pods-FlixUITests/Pods-FlixUITests.debug.xcconfig"; sourceTree = "<group>"; };
		B9EBDD7C61B5760824E910A9 /* Pods-FlixTests.debug.xcconfig */ = {isa = PBXFileReference; includeInIndex = 1; lastKnownFileType = text.xcconfig; name = "Pods-FlixTests.debug.xcconfig"; path = "Target Support Files/Pods-FlixTests/Pods-FlixTests.debug.xcconfig"; sourceTree = "<group>"; };
		C4A54A107C95B430BE1BDF3D /* Pods-FlixUITests.release.xcconfig */ = {isa = PBXFileReference; includeInIndex = 1; lastKnownFileType = text.xcconfig; name = "Pods-FlixUITests.release.xcconfig"; path = "Target Support Files/Pods-FlixUITests/Pods-FlixUITests.release.xcconfig"; sourceTree = "<group>"; };
		D7B1381589A8DB9FD3C1373D /* Pods-Flix.debug.xcconfig */ = {isa = PBXFileReference; includeInIndex = 1; lastKnownFileType = text.xcconfig; name = "Pods-Flix.debug.xcconfig"; path = "Target Support Files/Pods-Flix/Pods-Flix.debug.xcconfig"; sourceTree = "<group>"; };
/* End PBXFileReference section */

/* Begin PBXFrameworksBuildPhase section */
		1CCFA72D220E2F580034F4F7 /* Frameworks */ = {
			isa = PBXFrameworksBuildPhase;
			buildActionMask = 2147483647;
			files = (
				9F95ECFEA19E1DB8536E73F6 /* Pods_Flix.framework in Frameworks */,
			);
			runOnlyForDeploymentPostprocessing = 0;
		};
		1CCFA741220E2F5A0034F4F7 /* Frameworks */ = {
			isa = PBXFrameworksBuildPhase;
			buildActionMask = 2147483647;
			files = (
				D95AC4E8D24FB2AF230D3C3A /* Pods_FlixTests.framework in Frameworks */,
			);
			runOnlyForDeploymentPostprocessing = 0;
		};
		1CCFA74C220E2F5A0034F4F7 /* Frameworks */ = {
			isa = PBXFrameworksBuildPhase;
			buildActionMask = 2147483647;
			files = (
				410B48111400479F0054261B /* Pods_FlixUITests.framework in Frameworks */,
			);
			runOnlyForDeploymentPostprocessing = 0;
		};
/* End PBXFrameworksBuildPhase section */

/* Begin PBXGroup section */
		1CCFA727220E2F580034F4F7 = {
			isa = PBXGroup;
			children = (
				1CCFA732220E2F580034F4F7 /* Flix */,
				1CCFA747220E2F5A0034F4F7 /* FlixTests */,
				1CCFA752220E2F5A0034F4F7 /* FlixUITests */,
				1CCFA731220E2F580034F4F7 /* Products */,
				32C6BE20DB49A4CA2CA4DB8A /* Pods */,
				A50F0B79DB01BCD77EC51903 /* Frameworks */,
			);
			sourceTree = "<group>";
		};
		1CCFA731220E2F580034F4F7 /* Products */ = {
			isa = PBXGroup;
			children = (
				1CCFA730220E2F580034F4F7 /* Flix.app */,
				1CCFA744220E2F5A0034F4F7 /* FlixTests.xctest */,
				1CCFA74F220E2F5A0034F4F7 /* FlixUITests.xctest */,
			);
			name = Products;
			sourceTree = "<group>";
		};
		1CCFA732220E2F580034F4F7 /* Flix */ = {
			isa = PBXGroup;
			children = (
				1CCFA733220E2F580034F4F7 /* AppDelegate.swift */,
				1CCFA763220E31B10034F4F7 /* MoviesViewController.swift */,
				1CCFA737220E2F580034F4F7 /* Main.storyboard */,
				1CCFA765220E40130034F4F7 /* MovieCell.swift */,
				1CCFA73A220E2F590034F4F7 /* Assets.xcassets */,
				1CCFA73C220E2F590034F4F7 /* LaunchScreen.storyboard */,
				1CCFA73F220E2F590034F4F7 /* Info.plist */,
			);
			path = Flix;
			sourceTree = "<group>";
		};
		1CCFA747220E2F5A0034F4F7 /* FlixTests */ = {
			isa = PBXGroup;
			children = (
				1CCFA748220E2F5A0034F4F7 /* FlixTests.swift */,
				1CCFA74A220E2F5A0034F4F7 /* Info.plist */,
			);
			path = FlixTests;
			sourceTree = "<group>";
		};
		1CCFA752220E2F5A0034F4F7 /* FlixUITests */ = {
			isa = PBXGroup;
			children = (
				1CCFA753220E2F5A0034F4F7 /* FlixUITests.swift */,
				1CCFA755220E2F5A0034F4F7 /* Info.plist */,
			);
			path = FlixUITests;
			sourceTree = "<group>";
		};
		32C6BE20DB49A4CA2CA4DB8A /* Pods */ = {
			isa = PBXGroup;
			children = (
				D7B1381589A8DB9FD3C1373D /* Pods-Flix.debug.xcconfig */,
				22360AD5EB281B6C4B6E1B34 /* Pods-Flix.release.xcconfig */,
				B9EBDD7C61B5760824E910A9 /* Pods-FlixTests.debug.xcconfig */,
				6F74A17A74267FA923712779 /* Pods-FlixTests.release.xcconfig */,
				861C968A992551F6BDEC5D05 /* Pods-FlixUITests.debug.xcconfig */,
				C4A54A107C95B430BE1BDF3D /* Pods-FlixUITests.release.xcconfig */,
			);
			name = Pods;
			path = Pods;
			sourceTree = "<group>";
		};
		A50F0B79DB01BCD77EC51903 /* Frameworks */ = {
			isa = PBXGroup;
			children = (
				23E1AD5BB61B67315F5E03F6 /* Pods_Flix.framework */,
				80F1E1DC104E7F459A401939 /* Pods_FlixTests.framework */,
				7BD7328EA26E23F986705D34 /* Pods_FlixUITests.framework */,
			);
			name = Frameworks;
			sourceTree = "<group>";
		};
/* End PBXGroup section */

/* Begin PBXNativeTarget section */
		1CCFA72F220E2F580034F4F7 /* Flix */ = {
			isa = PBXNativeTarget;
			buildConfigurationList = 1CCFA758220E2F5A0034F4F7 /* Build configuration list for PBXNativeTarget "Flix" */;
			buildPhases = (
				7A383E4C337D698BE6A0B197 /* [CP] Check Pods Manifest.lock */,
				1CCFA72C220E2F580034F4F7 /* Sources */,
				1CCFA72D220E2F580034F4F7 /* Frameworks */,
				1CCFA72E220E2F580034F4F7 /* Resources */,
				DDDC7256224398FDC965492F /* [CP] Embed Pods Frameworks */,
			);
			buildRules = (
			);
			dependencies = (
			);
			name = Flix;
			productName = Flix;
			productReference = 1CCFA730220E2F580034F4F7 /* Flix.app */;
			productType = "com.apple.product-type.application";
		};
		1CCFA743220E2F5A0034F4F7 /* FlixTests */ = {
			isa = PBXNativeTarget;
			buildConfigurationList = 1CCFA75B220E2F5A0034F4F7 /* Build configuration list for PBXNativeTarget "FlixTests" */;
			buildPhases = (
				ACC968724B2092D3E51A600E /* [CP] Check Pods Manifest.lock */,
				1CCFA740220E2F5A0034F4F7 /* Sources */,
				1CCFA741220E2F5A0034F4F7 /* Frameworks */,
				1CCFA742220E2F5A0034F4F7 /* Resources */,
			);
			buildRules = (
			);
			dependencies = (
				1CCFA746220E2F5A0034F4F7 /* PBXTargetDependency */,
			);
			name = FlixTests;
			productName = FlixTests;
			productReference = 1CCFA744220E2F5A0034F4F7 /* FlixTests.xctest */;
			productType = "com.apple.product-type.bundle.unit-test";
		};
		1CCFA74E220E2F5A0034F4F7 /* FlixUITests */ = {
			isa = PBXNativeTarget;
			buildConfigurationList = 1CCFA75E220E2F5A0034F4F7 /* Build configuration list for PBXNativeTarget "FlixUITests" */;
			buildPhases = (
				B78583297ACE487F7AC2A191 /* [CP] Check Pods Manifest.lock */,
				1CCFA74B220E2F5A0034F4F7 /* Sources */,
				1CCFA74C220E2F5A0034F4F7 /* Frameworks */,
				1CCFA74D220E2F5A0034F4F7 /* Resources */,
			);
			buildRules = (
			);
			dependencies = (
				1CCFA751220E2F5A0034F4F7 /* PBXTargetDependency */,
			);
			name = FlixUITests;
			productName = FlixUITests;
			productReference = 1CCFA74F220E2F5A0034F4F7 /* FlixUITests.xctest */;
			productType = "com.apple.product-type.bundle.ui-testing";
		};
/* End PBXNativeTarget section */

/* Begin PBXProject section */
		1CCFA728220E2F580034F4F7 /* Project object */ = {
			isa = PBXProject;
			attributes = {
				LastSwiftUpdateCheck = 1010;
				LastUpgradeCheck = 1010;
				ORGANIZATIONNAME = codepath;
				TargetAttributes = {
					1CCFA72F220E2F580034F4F7 = {
						CreatedOnToolsVersion = 10.1;
					};
					1CCFA743220E2F5A0034F4F7 = {
						CreatedOnToolsVersion = 10.1;
						TestTargetID = 1CCFA72F220E2F580034F4F7;
					};
					1CCFA74E220E2F5A0034F4F7 = {
						CreatedOnToolsVersion = 10.1;
						TestTargetID = 1CCFA72F220E2F580034F4F7;
					};
				};
			};
			buildConfigurationList = 1CCFA72B220E2F580034F4F7 /* Build configuration list for PBXProject "Flix" */;
			compatibilityVersion = "Xcode 9.3";
			developmentRegion = en;
			hasScannedForEncodings = 0;
			knownRegions = (
				en,
				Base,
			);
			mainGroup = 1CCFA727220E2F580034F4F7;
			productRefGroup = 1CCFA731220E2F580034F4F7 /* Products */;
			projectDirPath = "";
			projectRoot = "";
			targets = (
				1CCFA72F220E2F580034F4F7 /* Flix */,
				1CCFA743220E2F5A0034F4F7 /* FlixTests */,
				1CCFA74E220E2F5A0034F4F7 /* FlixUITests */,
			);
		};
/* End PBXProject section */

/* Begin PBXResourcesBuildPhase section */
		1CCFA72E220E2F580034F4F7 /* Resources */ = {
			isa = PBXResourcesBuildPhase;
			buildActionMask = 2147483647;
			files = (
				1CCFA73E220E2F590034F4F7 /* LaunchScreen.storyboard in Resources */,
				1CCFA73B220E2F590034F4F7 /* Assets.xcassets in Resources */,
				1CCFA739220E2F580034F4F7 /* Main.storyboard in Resources */,
			);
			runOnlyForDeploymentPostprocessing = 0;
		};
		1CCFA742220E2F5A0034F4F7 /* Resources */ = {
			isa = PBXResourcesBuildPhase;
			buildActionMask = 2147483647;
			files = (
			);
			runOnlyForDeploymentPostprocessing = 0;
		};
		1CCFA74D220E2F5A0034F4F7 /* Resources */ = {
			isa = PBXResourcesBuildPhase;
			buildActionMask = 2147483647;
			files = (
			);
			runOnlyForDeploymentPostprocessing = 0;
		};
/* End PBXResourcesBuildPhase section */

/* Begin PBXShellScriptBuildPhase section */
		7A383E4C337D698BE6A0B197 /* [CP] Check Pods Manifest.lock */ = {
			isa = PBXShellScriptBuildPhase;
			buildActionMask = 2147483647;
			files = (
			);
			inputFileListPaths = (
			);
			inputPaths = (
				"${PODS_PODFILE_DIR_PATH}/Podfile.lock",
				"${PODS_ROOT}/Manifest.lock",
			);
			name = "[CP] Check Pods Manifest.lock";
			outputFileListPaths = (
			);
			outputPaths = (
				"$(DERIVED_FILE_DIR)/Pods-Flix-checkManifestLockResult.txt",
			);
			runOnlyForDeploymentPostprocessing = 0;
			shellPath = /bin/sh;
			shellScript = "diff \"${PODS_PODFILE_DIR_PATH}/Podfile.lock\" \"${PODS_ROOT}/Manifest.lock\" > /dev/null\nif [ $? != 0 ] ; then\n    # print error to STDERR\n    echo \"error: The sandbox is not in sync with the Podfile.lock. Run 'pod install' or update your CocoaPods installation.\" >&2\n    exit 1\nfi\n# This output is used by Xcode 'outputs' to avoid re-running this script phase.\necho \"SUCCESS\" > \"${SCRIPT_OUTPUT_FILE_0}\"\n";
			showEnvVarsInLog = 0;
		};
		ACC968724B2092D3E51A600E /* [CP] Check Pods Manifest.lock */ = {
			isa = PBXShellScriptBuildPhase;
			buildActionMask = 2147483647;
			files = (
			);
			inputFileListPaths = (
			);
			inputPaths = (
				"${PODS_PODFILE_DIR_PATH}/Podfile.lock",
				"${PODS_ROOT}/Manifest.lock",
			);
			name = "[CP] Check Pods Manifest.lock";
			outputFileListPaths = (
			);
			outputPaths = (
				"$(DERIVED_FILE_DIR)/Pods-FlixTests-checkManifestLockResult.txt",
			);
			runOnlyForDeploymentPostprocessing = 0;
			shellPath = /bin/sh;
			shellScript = "diff \"${PODS_PODFILE_DIR_PATH}/Podfile.lock\" \"${PODS_ROOT}/Manifest.lock\" > /dev/null\nif [ $? != 0 ] ; then\n    # print error to STDERR\n    echo \"error: The sandbox is not in sync with the Podfile.lock. Run 'pod install' or update your CocoaPods installation.\" >&2\n    exit 1\nfi\n# This output is used by Xcode 'outputs' to avoid re-running this script phase.\necho \"SUCCESS\" > \"${SCRIPT_OUTPUT_FILE_0}\"\n";
			showEnvVarsInLog = 0;
		};
		B78583297ACE487F7AC2A191 /* [CP] Check Pods Manifest.lock */ = {
			isa = PBXShellScriptBuildPhase;
			buildActionMask = 2147483647;
			files = (
			);
			inputFileListPaths = (
			);
			inputPaths = (
				"${PODS_PODFILE_DIR_PATH}/Podfile.lock",
				"${PODS_ROOT}/Manifest.lock",
			);
			name = "[CP] Check Pods Manifest.lock";
			outputFileListPaths = (
			);
			outputPaths = (
				"$(DERIVED_FILE_DIR)/Pods-FlixUITests-checkManifestLockResult.txt",
			);
			runOnlyForDeploymentPostprocessing = 0;
			shellPath = /bin/sh;
			shellScript = "diff \"${PODS_PODFILE_DIR_PATH}/Podfile.lock\" \"${PODS_ROOT}/Manifest.lock\" > /dev/null\nif [ $? != 0 ] ; then\n    # print error to STDERR\n    echo \"error: The sandbox is not in sync with the Podfile.lock. Run 'pod install' or update your CocoaPods installation.\" >&2\n    exit 1\nfi\n# This output is used by Xcode 'outputs' to avoid re-running this script phase.\necho \"SUCCESS\" > \"${SCRIPT_OUTPUT_FILE_0}\"\n";
			showEnvVarsInLog = 0;
		};
		DDDC7256224398FDC965492F /* [CP] Embed Pods Frameworks */ = {
			isa = PBXShellScriptBuildPhase;
			buildActionMask = 2147483647;
			files = (
			);
			inputFileListPaths = (
			);
			inputPaths = (
				"${PODS_ROOT}/Target Support Files/Pods-Flix/Pods-Flix-frameworks.sh",
				"${BUILT_PRODUCTS_DIR}/Alamofire/Alamofire.framework",
				"${BUILT_PRODUCTS_DIR}/AlamofireImage/AlamofireImage.framework",
			);
			name = "[CP] Embed Pods Frameworks";
			outputFileListPaths = (
			);
			outputPaths = (
				"${TARGET_BUILD_DIR}/${FRAMEWORKS_FOLDER_PATH}/Alamofire.framework",
				"${TARGET_BUILD_DIR}/${FRAMEWORKS_FOLDER_PATH}/AlamofireImage.framework",
			);
			runOnlyForDeploymentPostprocessing = 0;
			shellPath = /bin/sh;
			shellScript = "\"${PODS_ROOT}/Target Support Files/Pods-Flix/Pods-Flix-frameworks.sh\"\n";
			showEnvVarsInLog = 0;
		};
/* End PBXShellScriptBuildPhase section */

/* Begin PBXSourcesBuildPhase section */
		1CCFA72C220E2F580034F4F7 /* Sources */ = {
			isa = PBXSourcesBuildPhase;
			buildActionMask = 2147483647;
			files = (
				1CCFA734220E2F580034F4F7 /* AppDelegate.swift in Sources */,
				1CCFA764220E31B10034F4F7 /* MoviesViewController.swift in Sources */,
				1CCFA766220E40130034F4F7 /* MovieCell.swift in Sources */,
			);
			runOnlyForDeploymentPostprocessing = 0;
		};
		1CCFA740220E2F5A0034F4F7 /* Sources */ = {
			isa = PBXSourcesBuildPhase;
			buildActionMask = 2147483647;
			files = (
				1CCFA749220E2F5A0034F4F7 /* FlixTests.swift in Sources */,
			);
			runOnlyForDeploymentPostprocessing = 0;
		};
		1CCFA74B220E2F5A0034F4F7 /* Sources */ = {
			isa = PBXSourcesBuildPhase;
			buildActionMask = 2147483647;
			files = (
				1CCFA754220E2F5A0034F4F7 /* FlixUITests.swift in Sources */,
			);
			runOnlyForDeploymentPostprocessing = 0;
		};
/* End PBXSourcesBuildPhase section */

/* Begin PBXTargetDependency section */
		1CCFA746220E2F5A0034F4F7 /* PBXTargetDependency */ = {
			isa = PBXTargetDependency;
			target = 1CCFA72F220E2F580034F4F7 /* Flix */;
			targetProxy = 1CCFA745220E2F5A0034F4F7 /* PBXContainerItemProxy */;
		};
		1CCFA751220E2F5A0034F4F7 /* PBXTargetDependency */ = {
			isa = PBXTargetDependency;
			target = 1CCFA72F220E2F580034F4F7 /* Flix */;
			targetProxy = 1CCFA750220E2F5A0034F4F7 /* PBXContainerItemProxy */;
		};
/* End PBXTargetDependency section */

/* Begin PBXVariantGroup section */
		1CCFA737220E2F580034F4F7 /* Main.storyboard */ = {
			isa = PBXVariantGroup;
			children = (
				1CCFA738220E2F580034F4F7 /* Base */,
			);
			name = Main.storyboard;
			sourceTree = "<group>";
		};
		1CCFA73C220E2F590034F4F7 /* LaunchScreen.storyboard */ = {
			isa = PBXVariantGroup;
			children = (
				1CCFA73D220E2F590034F4F7 /* Base */,
			);
			name = LaunchScreen.storyboard;
			sourceTree = "<group>";
		};
/* End PBXVariantGroup section */

/* Begin XCBuildConfiguration section */
		1CCFA756220E2F5A0034F4F7 /* Debug */ = {
			isa = XCBuildConfiguration;
			buildSettings = {
				ALWAYS_SEARCH_USER_PATHS = NO;
				CLANG_ANALYZER_NONNULL = YES;
				CLANG_ANALYZER_NUMBER_OBJECT_CONVERSION = YES_AGGRESSIVE;
				CLANG_CXX_LANGUAGE_STANDARD = "gnu++14";
				CLANG_CXX_LIBRARY = "libc++";
				CLANG_ENABLE_MODULES = YES;
				CLANG_ENABLE_OBJC_ARC = YES;
				CLANG_ENABLE_OBJC_WEAK = YES;
				CLANG_WARN_BLOCK_CAPTURE_AUTORELEASING = YES;
				CLANG_WARN_BOOL_CONVERSION = YES;
				CLANG_WARN_COMMA = YES;
				CLANG_WARN_CONSTANT_CONVERSION = YES;
				CLANG_WARN_DEPRECATED_OBJC_IMPLEMENTATIONS = YES;
				CLANG_WARN_DIRECT_OBJC_ISA_USAGE = YES_ERROR;
				CLANG_WARN_DOCUMENTATION_COMMENTS = YES;
				CLANG_WARN_EMPTY_BODY = YES;
				CLANG_WARN_ENUM_CONVERSION = YES;
				CLANG_WARN_INFINITE_RECURSION = YES;
				CLANG_WARN_INT_CONVERSION = YES;
				CLANG_WARN_NON_LITERAL_NULL_CONVERSION = YES;
				CLANG_WARN_OBJC_IMPLICIT_RETAIN_SELF = YES;
				CLANG_WARN_OBJC_LITERAL_CONVERSION = YES;
				CLANG_WARN_OBJC_ROOT_CLASS = YES_ERROR;
				CLANG_WARN_RANGE_LOOP_ANALYSIS = YES;
				CLANG_WARN_STRICT_PROTOTYPES = YES;
				CLANG_WARN_SUSPICIOUS_MOVE = YES;
				CLANG_WARN_UNGUARDED_AVAILABILITY = YES_AGGRESSIVE;
				CLANG_WARN_UNREACHABLE_CODE = YES;
				CLANG_WARN__DUPLICATE_METHOD_MATCH = YES;
				CODE_SIGN_IDENTITY = "iPhone Developer";
				COPY_PHASE_STRIP = NO;
				DEBUG_INFORMATION_FORMAT = dwarf;
				ENABLE_STRICT_OBJC_MSGSEND = YES;
				ENABLE_TESTABILITY = YES;
				GCC_C_LANGUAGE_STANDARD = gnu11;
				GCC_DYNAMIC_NO_PIC = NO;
				GCC_NO_COMMON_BLOCKS = YES;
				GCC_OPTIMIZATION_LEVEL = 0;
				GCC_PREPROCESSOR_DEFINITIONS = (
					"DEBUG=1",
					"$(inherited)",
				);
				GCC_WARN_64_TO_32_BIT_CONVERSION = YES;
				GCC_WARN_ABOUT_RETURN_TYPE = YES_ERROR;
				GCC_WARN_UNDECLARED_SELECTOR = YES;
				GCC_WARN_UNINITIALIZED_AUTOS = YES_AGGRESSIVE;
				GCC_WARN_UNUSED_FUNCTION = YES;
				GCC_WARN_UNUSED_VARIABLE = YES;
				IPHONEOS_DEPLOYMENT_TARGET = 12.1;
				MTL_ENABLE_DEBUG_INFO = INCLUDE_SOURCE;
				MTL_FAST_MATH = YES;
				ONLY_ACTIVE_ARCH = YES;
				SDKROOT = iphoneos;
				SWIFT_ACTIVE_COMPILATION_CONDITIONS = DEBUG;
				SWIFT_OPTIMIZATION_LEVEL = "-Onone";
			};
			name = Debug;
		};
		1CCFA757220E2F5A0034F4F7 /* Release */ = {
			isa = XCBuildConfiguration;
			buildSettings = {
				ALWAYS_SEARCH_USER_PATHS = NO;
				CLANG_ANALYZER_NONNULL = YES;
				CLANG_ANALYZER_NUMBER_OBJECT_CONVERSION = YES_AGGRESSIVE;
				CLANG_CXX_LANGUAGE_STANDARD = "gnu++14";
				CLANG_CXX_LIBRARY = "libc++";
				CLANG_ENABLE_MODULES = YES;
				CLANG_ENABLE_OBJC_ARC = YES;
				CLANG_ENABLE_OBJC_WEAK = YES;
				CLANG_WARN_BLOCK_CAPTURE_AUTORELEASING = YES;
				CLANG_WARN_BOOL_CONVERSION = YES;
				CLANG_WARN_COMMA = YES;
				CLANG_WARN_CONSTANT_CONVERSION = YES;
				CLANG_WARN_DEPRECATED_OBJC_IMPLEMENTATIONS = YES;
				CLANG_WARN_DIRECT_OBJC_ISA_USAGE = YES_ERROR;
				CLANG_WARN_DOCUMENTATION_COMMENTS = YES;
				CLANG_WARN_EMPTY_BODY = YES;
				CLANG_WARN_ENUM_CONVERSION = YES;
				CLANG_WARN_INFINITE_RECURSION = YES;
				CLANG_WARN_INT_CONVERSION = YES;
				CLANG_WARN_NON_LITERAL_NULL_CONVERSION = YES;
				CLANG_WARN_OBJC_IMPLICIT_RETAIN_SELF = YES;
				CLANG_WARN_OBJC_LITERAL_CONVERSION = YES;
				CLANG_WARN_OBJC_ROOT_CLASS = YES_ERROR;
				CLANG_WARN_RANGE_LOOP_ANALYSIS = YES;
				CLANG_WARN_STRICT_PROTOTYPES = YES;
				CLANG_WARN_SUSPICIOUS_MOVE = YES;
				CLANG_WARN_UNGUARDED_AVAILABILITY = YES_AGGRESSIVE;
				CLANG_WARN_UNREACHABLE_CODE = YES;
				CLANG_WARN__DUPLICATE_METHOD_MATCH = YES;
				CODE_SIGN_IDENTITY = "iPhone Developer";
				COPY_PHASE_STRIP = NO;
				DEBUG_INFORMATION_FORMAT = "dwarf-with-dsym";
				ENABLE_NS_ASSERTIONS = NO;
				ENABLE_STRICT_OBJC_MSGSEND = YES;
				GCC_C_LANGUAGE_STANDARD = gnu11;
				GCC_NO_COMMON_BLOCKS = YES;
				GCC_WARN_64_TO_32_BIT_CONVERSION = YES;
				GCC_WARN_ABOUT_RETURN_TYPE = YES_ERROR;
				GCC_WARN_UNDECLARED_SELECTOR = YES;
				GCC_WARN_UNINITIALIZED_AUTOS = YES_AGGRESSIVE;
				GCC_WARN_UNUSED_FUNCTION = YES;
				GCC_WARN_UNUSED_VARIABLE = YES;
				IPHONEOS_DEPLOYMENT_TARGET = 12.1;
				MTL_ENABLE_DEBUG_INFO = NO;
				MTL_FAST_MATH = YES;
				SDKROOT = iphoneos;
				SWIFT_COMPILATION_MODE = wholemodule;
				SWIFT_OPTIMIZATION_LEVEL = "-O";
				VALIDATE_PRODUCT = YES;
			};
			name = Release;
		};
		1CCFA759220E2F5A0034F4F7 /* Debug */ = {
			isa = XCBuildConfiguration;
			baseConfigurationReference = D7B1381589A8DB9FD3C1373D /* Pods-Flix.debug.xcconfig */;
			buildSettings = {
				ASSETCATALOG_COMPILER_APPICON_NAME = AppIcon;
				CODE_SIGN_STYLE = Automatic;
				INFOPLIST_FILE = Flix/Info.plist;
				LD_RUNPATH_SEARCH_PATHS = (
					"$(inherited)",
					"@executable_path/Frameworks",
				);
				PRODUCT_BUNDLE_IDENTIFIER = com.codepath.Flix;
				PRODUCT_NAME = "$(TARGET_NAME)";
				SWIFT_VERSION = 4.2;
				TARGETED_DEVICE_FAMILY = "1,2";
			};
			name = Debug;
		};
		1CCFA75A220E2F5A0034F4F7 /* Release */ = {
			isa = XCBuildConfiguration;
			baseConfigurationReference = 22360AD5EB281B6C4B6E1B34 /* Pods-Flix.release.xcconfig */;
			buildSettings = {
				ASSETCATALOG_COMPILER_APPICON_NAME = AppIcon;
				CODE_SIGN_STYLE = Automatic;
				INFOPLIST_FILE = Flix/Info.plist;
				LD_RUNPATH_SEARCH_PATHS = (
					"$(inherited)",
					"@executable_path/Frameworks",
				);
				PRODUCT_BUNDLE_IDENTIFIER = com.codepath.Flix;
				PRODUCT_NAME = "$(TARGET_NAME)";
				SWIFT_VERSION = 4.2;
				TARGETED_DEVICE_FAMILY = "1,2";
			};
			name = Release;
		};
		1CCFA75C220E2F5A0034F4F7 /* Debug */ = {
			isa = XCBuildConfiguration;
			baseConfigurationReference = B9EBDD7C61B5760824E910A9 /* Pods-FlixTests.debug.xcconfig */;
			buildSettings = {
				ALWAYS_EMBED_SWIFT_STANDARD_LIBRARIES = YES;
				BUNDLE_LOADER = "$(TEST_HOST)";
				CODE_SIGN_STYLE = Automatic;
				INFOPLIST_FILE = FlixTests/Info.plist;
				LD_RUNPATH_SEARCH_PATHS = (
					"$(inherited)",
					"@executable_path/Frameworks",
					"@loader_path/Frameworks",
				);
				PRODUCT_BUNDLE_IDENTIFIER = com.codepath.FlixTests;
				PRODUCT_NAME = "$(TARGET_NAME)";
				SWIFT_VERSION = 4.2;
				TARGETED_DEVICE_FAMILY = "1,2";
				TEST_HOST = "$(BUILT_PRODUCTS_DIR)/Flix.app/Flix";
			};
			name = Debug;
		};
		1CCFA75D220E2F5A0034F4F7 /* Release */ = {
			isa = XCBuildConfiguration;
			baseConfigurationReference = 6F74A17A74267FA923712779 /* Pods-FlixTests.release.xcconfig */;
			buildSettings = {
				ALWAYS_EMBED_SWIFT_STANDARD_LIBRARIES = YES;
				BUNDLE_LOADER = "$(TEST_HOST)";
				CODE_SIGN_STYLE = Automatic;
				INFOPLIST_FILE = FlixTests/Info.plist;
				LD_RUNPATH_SEARCH_PATHS = (
					"$(inherited)",
					"@executable_path/Frameworks",
					"@loader_path/Frameworks",
				);
				PRODUCT_BUNDLE_IDENTIFIER = com.codepath.FlixTests;
				PRODUCT_NAME = "$(TARGET_NAME)";
				SWIFT_VERSION = 4.2;
				TARGETED_DEVICE_FAMILY = "1,2";
				TEST_HOST = "$(BUILT_PRODUCTS_DIR)/Flix.app/Flix";
			};
			name = Release;
		};
		1CCFA75F220E2F5A0034F4F7 /* Debug */ = {
			isa = XCBuildConfiguration;
			baseConfigurationReference = 861C968A992551F6BDEC5D05 /* Pods-FlixUITests.debug.xcconfig */;
			buildSettings = {
				ALWAYS_EMBED_SWIFT_STANDARD_LIBRARIES = YES;
				CODE_SIGN_STYLE = Automatic;
				INFOPLIST_FILE = FlixUITests/Info.plist;
				LD_RUNPATH_SEARCH_PATHS = (
					"$(inherited)",
					"@executable_path/Frameworks",
					"@loader_path/Frameworks",
				);
				PRODUCT_BUNDLE_IDENTIFIER = com.codepath.FlixUITests;
				PRODUCT_NAME = "$(TARGET_NAME)";
				SWIFT_VERSION = 4.2;
				TARGETED_DEVICE_FAMILY = "1,2";
				TEST_TARGET_NAME = Flix;
			};
			name = Debug;
		};
		1CCFA760220E2F5A0034F4F7 /* Release */ = {
			isa = XCBuildConfiguration;
			baseConfigurationReference = C4A54A107C95B430BE1BDF3D /* Pods-FlixUITests.release.xcconfig */;
			buildSettings = {
				ALWAYS_EMBED_SWIFT_STANDARD_LIBRARIES = YES;
				CODE_SIGN_STYLE = Automatic;
				INFOPLIST_FILE = FlixUITests/Info.plist;
				LD_RUNPATH_SEARCH_PATHS = (
					"$(inherited)",
					"@executable_path/Frameworks",
					"@loader_path/Frameworks",
				);
				PRODUCT_BUNDLE_IDENTIFIER = com.codepath.FlixUITests;
				PRODUCT_NAME = "$(TARGET_NAME)";
				SWIFT_VERSION = 4.2;
				TARGETED_DEVICE_FAMILY = "1,2";
				TEST_TARGET_NAME = Flix;
			};
			name = Release;
		};
/* End XCBuildConfiguration section */

/* Begin XCConfigurationList section */
		1CCFA72B220E2F580034F4F7 /* Build configuration list for PBXProject "Flix" */ = {
			isa = XCConfigurationList;
			buildConfigurations = (
				1CCFA756220E2F5A0034F4F7 /* Debug */,
				1CCFA757220E2F5A0034F4F7 /* Release */,
			);
			defaultConfigurationIsVisible = 0;
			defaultConfigurationName = Release;
		};
		1CCFA758220E2F5A0034F4F7 /* Build configuration list for PBXNativeTarget "Flix" */ = {
			isa = XCConfigurationList;
			buildConfigurations = (
				1CCFA759220E2F5A0034F4F7 /* Debug */,
				1CCFA75A220E2F5A0034F4F7 /* Release */,
			);
			defaultConfigurationIsVisible = 0;
			defaultConfigurationName = Release;
		};
		1CCFA75B220E2F5A0034F4F7 /* Build configuration list for PBXNativeTarget "FlixTests" */ = {
			isa = XCConfigurationList;
			buildConfigurations = (
				1CCFA75C220E2F5A0034F4F7 /* Debug */,
				1CCFA75D220E2F5A0034F4F7 /* Release */,
			);
			defaultConfigurationIsVisible = 0;
			defaultConfigurationName = Release;
		};
		1CCFA75E220E2F5A0034F4F7 /* Build configuration list for PBXNativeTarget "FlixUITests" */ = {
			isa = XCConfigurationList;
			buildConfigurations = (
				1CCFA75F220E2F5A0034F4F7 /* Debug */,
				1CCFA760220E2F5A0034F4F7 /* Release */,
			);
			defaultConfigurationIsVisible = 0;
			defaultConfigurationName = Release;
		};
/* End XCConfigurationList section */
	};
	rootObject = 1CCFA728220E2F580034F4F7 /* Project object */;
}
